
Microsoft Visual Studio Solution File, Format Version 12.00
# Visual Studio Version 17
VisualStudioVersion = 17.7.34202.233
MinimumVisualStudioVersion = 10.0.40219.1
Project("{9A19103F-16F7-4668-BE54-9A1E7A4F7556}") = "Assign1", "Assign1.csproj", "{C9553BAA-037D-4192-95C7-FE88593CF0E6}"
EndProject
Project("{9A19103F-16F7-4668-BE54-9A1E7A4F7556}") = "Data", "..\Data\Data.csproj", "{08457DF8-3E2C-4A12-ABA2-C7CAE41F195B}"
EndProject
Global
	GlobalSection(SolutionConfigurationPlatforms) = preSolution
		Debug|Any CPU = Debug|Any CPU
		Release|Any CPU = Release|Any CPU
	EndGlobalSection
	GlobalSection(ProjectConfigurationPlatforms) = postSolution
		{C9553BAA-037D-4192-95C7-FE88593CF0E6}.Debug|Any CPU.ActiveCfg = Debug|Any CPU
		{C9553BAA-037D-4192-95C7-FE88593CF0E6}.Debug|Any CPU.Build.0 = Debug|Any CPU
		{C9553BAA-037D-4192-95C7-FE88593CF0E6}.Release|Any CPU.ActiveCfg = Release|Any CPU
		{C9553BAA-037D-4192-95C7-FE88593CF0E6}.Release|Any CPU.Build.0 = Release|Any CPU
		{08457DF8-3E2C-4A12-ABA2-C7CAE41F195B}.Debug|Any CPU.ActiveCfg = Debug|Any CPU
		{08457DF8-3E2C-4A12-ABA2-C7CAE41F195B}.Debug|Any CPU.Build.0 = Debug|Any CPU
		{08457DF8-3E2C-4A12-ABA2-C7CAE41F195B}.Release|Any CPU.ActiveCfg = Release|Any CPU
		{08457DF8-3E2C-4A12-ABA2-C7CAE41F195B}.Release|Any CPU.Build.0 = Release|Any CPU
	EndGlobalSection
	GlobalSection(SolutionProperties) = preSolution
		HideSolutionNode = FALSE
	EndGlobalSection
	GlobalSection(ExtensibilityGlobals) = postSolution
		SolutionGuid = {C086D6BE-01B6-4E11-84FF-85324D2B11F9}
	EndGlobalSection
EndGlobal
